
Microsoft Visual Studio Solution File, Format Version 12.00
# Visual Studio 15
VisualStudioVersion = 15.0.28307.572
MinimumVisualStudioVersion = 10.0.40219.1
Project("{FAE04EC0-301F-11D3-BF4B-00C04F79EFBC}") = "TCP_Server", "TCP_Server\TCP_Server.csproj", "{99A217C8-7ABB-4238-8D9E-D8C46D951696}"
EndProject
Project("{FAE04EC0-301F-11D3-BF4B-00C04F79EFBC}") = "TCP_Client", "..\TCP_Client\TCP_Client.csproj", "{9F47F6D5-76A8-4F60-887B-1BA267A32405}"
EndProject
Project("{FAE04EC0-301F-11D3-BF4B-00C04F79EFBC}") = "DataChangeByte", "..\DataChangeByte\DataChangeByte.csproj", "{2B8278BA-0942-47A7-8090-A1691971DAA8}"
EndProject
Project("{FAE04EC0-301F-11D3-BF4B-00C04F79EFBC}") = "MySQL57", "..\MySQL57\MySQL57.csproj", "{6C6A0DBE-42AD-4F7F-BB8C-1F61719AE625}"
EndProject
Project("{FAE04EC0-301F-11D3-BF4B-00C04F79EFBC}") = "Game_Server", "..\Game_Server\Game_Server.csproj", "{8388F15A-2119-4642-B260-A596E40645BE}"
EndProject
Project("{FAE04EC0-301F-11D3-BF4B-00C04F79EFBC}") = "Common", "..\Common\Common.csproj", "{8EA5ECAF-31D3-425D-851E-ABCB3745EE89}"
EndProject
Global
	GlobalSection(SolutionConfigurationPlatforms) = preSolution
		Debug|Any CPU = Debug|Any CPU
		Release|Any CPU = Release|Any CPU
	EndGlobalSection
	GlobalSection(ProjectConfigurationPlatforms) = postSolution
		{99A217C8-7ABB-4238-8D9E-D8C46D951696}.Debug|Any CPU.ActiveCfg = Debug|Any CPU
		{99A217C8-7ABB-4238-8D9E-D8C46D951696}.Debug|Any CPU.Build.0 = Debug|Any CPU
		{99A217C8-7ABB-4238-8D9E-D8C46D951696}.Release|Any CPU.ActiveCfg = Release|Any CPU
		{99A217C8-7ABB-4238-8D9E-D8C46D951696}.Release|Any CPU.Build.0 = Release|Any CPU
		{9F47F6D5-76A8-4F60-887B-1BA267A32405}.Debug|Any CPU.ActiveCfg = Debug|Any CPU
		{9F47F6D5-76A8-4F60-887B-1BA267A32405}.Debug|Any CPU.Build.0 = Debug|Any CPU
		{9F47F6D5-76A8-4F60-887B-1BA267A32405}.Release|Any CPU.ActiveCfg = Release|Any CPU
		{9F47F6D5-76A8-4F60-887B-1BA267A32405}.Release|Any CPU.Build.0 = Release|Any CPU
		{2B8278BA-0942-47A7-8090-A1691971DAA8}.Debug|Any CPU.ActiveCfg = Debug|Any CPU
		{2B8278BA-0942-47A7-8090-A1691971DAA8}.Debug|Any CPU.Build.0 = Debug|Any CPU
		{2B8278BA-0942-47A7-8090-A1691971DAA8}.Release|Any CPU.ActiveCfg = Release|Any CPU
		{2B8278BA-0942-47A7-8090-A1691971DAA8}.Release|Any CPU.Build.0 = Release|Any CPU
		{6C6A0DBE-42AD-4F7F-BB8C-1F61719AE625}.Debug|Any CPU.ActiveCfg = Debug|Any CPU
		{6C6A0DBE-42AD-4F7F-BB8C-1F61719AE625}.Debug|Any CPU.Build.0 = Debug|Any CPU
		{6C6A0DBE-42AD-4F7F-BB8C-1F61719AE625}.Release|Any CPU.ActiveCfg = Release|Any CPU
		{6C6A0DBE-42AD-4F7F-BB8C-1F61719AE625}.Release|Any CPU.Build.0 = Release|Any CPU
		{8388F15A-2119-4642-B260-A596E40645BE}.Debug|Any CPU.ActiveCfg = Debug|Any CPU
		{8388F15A-2119-4642-B260-A596E40645BE}.Debug|Any CPU.Build.0 = Debug|Any CPU
		{8388F15A-2119-4642-B260-A596E40645BE}.Release|Any CPU.ActiveCfg = Release|Any CPU
		{8388F15A-2119-4642-B260-A596E40645BE}.Release|Any CPU.Build.0 = Release|Any CPU
		{8EA5ECAF-31D3-425D-851E-ABCB3745EE89}.Debug|Any CPU.ActiveCfg = Debug|Any CPU
		{8EA5ECAF-31D3-425D-851E-ABCB3745EE89}.Debug|Any CPU.Build.0 = Debug|Any CPU
		{8EA5ECAF-31D3-425D-851E-ABCB3745EE89}.Release|Any CPU.ActiveCfg = Release|Any CPU
		{8EA5ECAF-31D3-425D-851E-ABCB3745EE89}.Release|Any CPU.Build.0 = Release|Any CPU
	EndGlobalSection
	GlobalSection(SolutionProperties) = preSolution
		HideSolutionNode = FALSE
	EndGlobalSection
	GlobalSection(ExtensibilityGlobals) = postSolution
		SolutionGuid = {B04604FE-1039-4F23-A157-FFEB462AF062}
	EndGlobalSection
EndGlobal
